<?xml version="1.0" encoding="utf-8"?>
<Project ToolsVersion="4.0" xmlns="http://schemas.microsoft.com/developer/msbuild/2003">
  <ItemGroup>
    <Filter Include="Resources">
      <UniqueIdentifier>{7552200a-0809-4142-a543-b60246869de3}</UniqueIdentifier>
    </Filter>
    <Filter Include="Includes">
      <UniqueIdentifier>{ccda0af6-2d6f-453b-a483-f35fc6ee2697}</UniqueIdentifier>
    </Filter>
    <Filter Include="Sources">
      <UniqueIdentifier>{6bb16dac-a122-4172-a4ea-044a41999a60}</UniqueIdentifier>
    </Filter>
    <Filter Include="Includes\Etc">
      <UniqueIdentifier>{483ca7bf-2634-40ba-9160-aa54ea385cfe}</UniqueIdentifier>
    </Filter>
    <Filter Include="Includes\Application">
      <UniqueIdentifier>{2872eda6-4f73-4db8-b890-4037cedacf84}</UniqueIdentifier>
    </Filter>
    <Filter Include="Includes\Common">
      <UniqueIdentifier>{527423ab-8995-4106-80c1-183c93b89681}</UniqueIdentifier>
    </Filter>
    <Filter Include="Includes\FBX">
      <UniqueIdentifier>{8aaab942-7b78-487d-99a3-59da7fcb4ac2}</UniqueIdentifier>
    </Filter>
    <Filter Include="Sources\Application">
      <UniqueIdentifier>{939dd962-0156-46d6-9699-3437fc6d1a54}</UniqueIdentifier>
    </Filter>
    <Filter Include="Sources\Common">
      <UniqueIdentifier>{50bf9604-2953-480e-a245-198acd336288}</UniqueIdentifier>
    </Filter>
    <Filter Include="Sources\FBX">
      <UniqueIdentifier>{c52491bd-5f32-4bd7-8a7b-c6f87985608c}</UniqueIdentifier>
    </Filter>
    <Filter Include="FX">
      <UniqueIdentifier>{e9f05126-db16-4bf5-9a75-46dca53e2024}</UniqueIdentifier>
    </Filter>
    <Filter Include="PCH">
      <UniqueIdentifier>{7b677301-0938-4718-a1d5-acee52b7cac9}</UniqueIdentifier>
    </Filter>
    <Filter Include="Includes\DirectX">
      <UniqueIdentifier>{234f385d-ed71-447c-938a-9225a7a44f8a}</UniqueIdentifier>
    </Filter>
    <Filter Include="Includes\DirectX\Effect">
      <UniqueIdentifier>{6ba38332-1fcf-477a-9200-74a4ec3fad21}</UniqueIdentifier>
    </Filter>
    <Filter Include="Sources\DirectX">
      <UniqueIdentifier>{90cc539d-c24f-4d4d-918a-dc130b619cc4}</UniqueIdentifier>
    </Filter>
    <Filter Include="Sources\DirectX\Effect">
      <UniqueIdentifier>{01879472-302d-486f-b79f-1032f6a06c5c}</UniqueIdentifier>
    </Filter>
  </ItemGroup>
  <ItemGroup>
    <FxCompile Include="FX\Basic.fx">
      <Filter>FX</Filter>
    </FxCompile>
    <FxCompile Include="FX\LightingHelper.fx">
      <Filter>FX</Filter>
    </FxCompile>
  </ItemGroup>
  <ItemGroup>
    <ClInclude Include="Application.h">
      <Filter>Includes\Application</Filter>
    </ClInclude>
    <ClInclude Include="Constants.h">
      <Filter>Includes\Common</Filter>
    </ClInclude>
    <ClInclude Include="FBXLoader.h">
      <Filter>Includes\FBX</Filter>
    </ClInclude>
    <ClInclude Include="FBXLoaderTester.h">
      <Filter>Includes\Application</Filter>
    </ClInclude>
    <ClInclude Include="Macros.h">
      <Filter>Includes\Common</Filter>
    </ClInclude>
    <ClInclude Include="stdafx.h">
      <Filter>PCH</Filter>
    </ClInclude>
    <ClInclude Include="targetver.h">
      <Filter>Includes\Etc</Filter>
    </ClInclude>
    <ClInclude Include="Uncopiable.h">
      <Filter>Includes\Common</Filter>
    </ClInclude>
    <ClInclude Include="Unconstructable.h">
      <Filter>Includes\Common</Filter>
    </ClInclude>
    <ClInclude Include="Timer.h">
      <Filter>Includes\Common</Filter>
    </ClInclude>
    <ClInclude Include="resource.h">
      <Filter>Resources</Filter>
    </ClInclude>
    <ClInclude Include="d3dx11effect.h">
      <Filter>Includes\DirectX\Effect</Filter>
    </ClInclude>
    <ClInclude Include="EffectWrapper.h">
      <Filter>Includes\DirectX\Effect</Filter>
    </ClInclude>
    <ClInclude Include="BasicEffect.h">
      <Filter>Includes\DirectX\Effect</Filter>
    </ClInclude>
  </ItemGroup>
  <ItemGroup>
    <ClCompile Include="Application.cpp">
      <Filter>Sources\Application</Filter>
    </ClCompile>
    <ClCompile Include="FBXLoader.cpp">
      <Filter>Sources\FBX</Filter>
    </ClCompile>
    <ClCompile Include="FBXLoaderTester.cpp">
      <Filter>Sources\Application</Filter>
    </ClCompile>
    <ClCompile Include="Main.cpp">
      <Filter>Sources\Application</Filter>
    </ClCompile>
    <ClCompile Include="stdafx.cpp">
      <Filter>PCH</Filter>
    </ClCompile>
    <ClCompile Include="Timer.cpp">
      <Filter>Sources\Common</Filter>
    </ClCompile>
    <ClCompile Include="ExampleCode.cpp">
      <Filter>Sources\Application</Filter>
    </ClCompile>
    <ClCompile Include="EffectWrapper.cpp">
      <Filter>Sources\DirectX\Effect</Filter>
    </ClCompile>
    <ClCompile Include="BasicEffect.cpp">
      <Filter>Sources\DirectX\Effect</Filter>
    </ClCompile>
  </ItemGroup>
  <ItemGroup>
    <ResourceCompile Include="FBXLoader.rc">
      <Filter>Resources</Filter>
    </ResourceCompile>
  </ItemGroup>
  <ItemGroup>
    <Image Include="FBXLoader.ico">
      <Filter>Resources</Filter>
    </Image>
    <Image Include="small.ico">
      <Filter>Resources</Filter>
    </Image>
  </ItemGroup>
</Project>